
Microsoft Visual Studio Solution File, Format Version 12.00
# Visual Studio Version 17
VisualStudioVersion = 17.5.33516.290
MinimumVisualStudioVersion = 10.0.40219.1
Project("{9A19103F-16F7-4668-BE54-9A1E7A4F7556}") = "MasterErp.Api", "SupplyManager\MasterErp.Api.csproj", "{D526426C-2A0D-42EB-B6AE-05D14FA6AE59}"
EndProject
Project("{9A19103F-16F7-4668-BE54-9A1E7A4F7556}") = "MasterErp.Infraestructure", "Mastererp.Infraestructure\MasterErp.Infraestructure.csproj", "{364997C5-14C3-496B-8B14-1CE4EB753F09}"
EndProject
Project("{FAE04EC0-301F-11D3-BF4B-00C04F79EFBC}") = "MasterErp.Domain", "Mastererp.Domain\MasterErp.Domain.csproj", "{3C44EA90-BA2A-4948-9CBD-80F055800C4A}"
EndProject
Project("{FAE04EC0-301F-11D3-BF4B-00C04F79EFBC}") = "MasterErp.Services", "MasterErp.Service\MasterErp.Services.csproj", "{07C9EC8B-5D10-46CF-A62F-70E08B64BAC1}"
EndProject
Global
	GlobalSection(SolutionConfigurationPlatforms) = preSolution
		Debug|Any CPU = Debug|Any CPU
		Release|Any CPU = Release|Any CPU
	EndGlobalSection
	GlobalSection(ProjectConfigurationPlatforms) = postSolution
		{D526426C-2A0D-42EB-B6AE-05D14FA6AE59}.Debug|Any CPU.ActiveCfg = Debug|Any CPU
		{D526426C-2A0D-42EB-B6AE-05D14FA6AE59}.Debug|Any CPU.Build.0 = Debug|Any CPU
		{D526426C-2A0D-42EB-B6AE-05D14FA6AE59}.Release|Any CPU.ActiveCfg = Release|Any CPU
		{D526426C-2A0D-42EB-B6AE-05D14FA6AE59}.Release|Any CPU.Build.0 = Release|Any CPU
		{364997C5-14C3-496B-8B14-1CE4EB753F09}.Debug|Any CPU.ActiveCfg = Debug|Any CPU
		{364997C5-14C3-496B-8B14-1CE4EB753F09}.Debug|Any CPU.Build.0 = Debug|Any CPU
		{364997C5-14C3-496B-8B14-1CE4EB753F09}.Release|Any CPU.ActiveCfg = Release|Any CPU
		{364997C5-14C3-496B-8B14-1CE4EB753F09}.Release|Any CPU.Build.0 = Release|Any CPU
		{3C44EA90-BA2A-4948-9CBD-80F055800C4A}.Debug|Any CPU.ActiveCfg = Debug|Any CPU
		{3C44EA90-BA2A-4948-9CBD-80F055800C4A}.Debug|Any CPU.Build.0 = Debug|Any CPU
		{3C44EA90-BA2A-4948-9CBD-80F055800C4A}.Release|Any CPU.ActiveCfg = Release|Any CPU
		{3C44EA90-BA2A-4948-9CBD-80F055800C4A}.Release|Any CPU.Build.0 = Release|Any CPU
		{07C9EC8B-5D10-46CF-A62F-70E08B64BAC1}.Debug|Any CPU.ActiveCfg = Debug|Any CPU
		{07C9EC8B-5D10-46CF-A62F-70E08B64BAC1}.Debug|Any CPU.Build.0 = Debug|Any CPU
		{07C9EC8B-5D10-46CF-A62F-70E08B64BAC1}.Release|Any CPU.ActiveCfg = Release|Any CPU
		{07C9EC8B-5D10-46CF-A62F-70E08B64BAC1}.Release|Any CPU.Build.0 = Release|Any CPU
	EndGlobalSection
	GlobalSection(SolutionProperties) = preSolution
		HideSolutionNode = FALSE
	EndGlobalSection
	GlobalSection(ExtensibilityGlobals) = postSolution
		SolutionGuid = {08DC975D-6C1D-447F-8947-CBAEEA842DAD}
	EndGlobalSection
EndGlobal
